
Microsoft Visual Studio Solution File, Format Version 12.00
# Visual Studio Version 17
VisualStudioVersion = 17.14.36511.14 d17.14
MinimumVisualStudioVersion = 10.0.40219.1
Project("{FAE04EC0-301F-11D3-BF4B-00C04F79EFBC}") = "BlazorApp6", "BlazorApp6\BlazorApp6.csproj", "{5DD0C50C-3496-4015-B60B-59958B0D0338}"
EndProject
Global
	GlobalSection(SolutionConfigurationPlatforms) = preSolution
		Debug|Any CPU = Debug|Any CPU
		Release|Any CPU = Release|Any CPU
	EndGlobalSection
	GlobalSection(ProjectConfigurationPlatforms) = postSolution
		{5DD0C50C-3496-4015-B60B-59958B0D0338}.Debug|Any CPU.ActiveCfg = Debug|Any CPU
		{5DD0C50C-3496-4015-B60B-59958B0D0338}.Debug|Any CPU.Build.0 = Debug|Any CPU
		{5DD0C50C-3496-4015-B60B-59958B0D0338}.Release|Any CPU.ActiveCfg = Release|Any CPU
		{5DD0C50C-3496-4015-B60B-59958B0D0338}.Release|Any CPU.Build.0 = Release|Any CPU
	EndGlobalSection
	GlobalSection(SolutionProperties) = preSolution
		HideSolutionNode = FALSE
	EndGlobalSection
	GlobalSection(ExtensibilityGlobals) = postSolution
		SolutionGuid = {FC0A19AB-C39C-4B15-98FF-A80534F2069C}
	EndGlobalSection
EndGlobal
